
Microsoft Visual Studio Solution File, Format Version 12.00
# Visual Studio Version 16
VisualStudioVersion = 16.0.30406.217
MinimumVisualStudioVersion = 10.0.40219.1
Project("{FAE04EC0-301F-11D3-BF4B-00C04F79EFBC}") = "Presentacion", "Presentacion\Presentacion.csproj", "{E17F7E1A-6661-4342-8AE4-64BA0D2DD8BF}"
EndProject
Project("{FAE04EC0-301F-11D3-BF4B-00C04F79EFBC}") = "DataAccess", "DataAccess\DataAccess.csproj", "{8BCBF830-56F6-4C8C-B403-F292D0AC9987}"
EndProject
Project("{FAE04EC0-301F-11D3-BF4B-00C04F79EFBC}") = "Domain", "Domain\Domain.csproj", "{A8E0CF97-5FA4-4DDF-B72E-5788C268B740}"
EndProject
Project("{FAE04EC0-301F-11D3-BF4B-00C04F79EFBC}") = "Common", "Common\Common.csproj", "{4A7A4011-E56B-4F55-9911-89EEF84FCCFF}"
EndProject
Global
	GlobalSection(SolutionConfigurationPlatforms) = preSolution
		Debug|Any CPU = Debug|Any CPU
		Release|Any CPU = Release|Any CPU
	EndGlobalSection
	GlobalSection(ProjectConfigurationPlatforms) = postSolution
		{E17F7E1A-6661-4342-8AE4-64BA0D2DD8BF}.Debug|Any CPU.ActiveCfg = Debug|Any CPU
		{E17F7E1A-6661-4342-8AE4-64BA0D2DD8BF}.Debug|Any CPU.Build.0 = Debug|Any CPU
		{E17F7E1A-6661-4342-8AE4-64BA0D2DD8BF}.Release|Any CPU.ActiveCfg = Release|Any CPU
		{E17F7E1A-6661-4342-8AE4-64BA0D2DD8BF}.Release|Any CPU.Build.0 = Release|Any CPU
		{8BCBF830-56F6-4C8C-B403-F292D0AC9987}.Debug|Any CPU.ActiveCfg = Debug|Any CPU
		{8BCBF830-56F6-4C8C-B403-F292D0AC9987}.Debug|Any CPU.Build.0 = Debug|Any CPU
		{8BCBF830-56F6-4C8C-B403-F292D0AC9987}.Release|Any CPU.ActiveCfg = Release|Any CPU
		{8BCBF830-56F6-4C8C-B403-F292D0AC9987}.Release|Any CPU.Build.0 = Release|Any CPU
		{A8E0CF97-5FA4-4DDF-B72E-5788C268B740}.Debug|Any CPU.ActiveCfg = Debug|Any CPU
		{A8E0CF97-5FA4-4DDF-B72E-5788C268B740}.Debug|Any CPU.Build.0 = Debug|Any CPU
		{A8E0CF97-5FA4-4DDF-B72E-5788C268B740}.Release|Any CPU.ActiveCfg = Release|Any CPU
		{A8E0CF97-5FA4-4DDF-B72E-5788C268B740}.Release|Any CPU.Build.0 = Release|Any CPU
		{4A7A4011-E56B-4F55-9911-89EEF84FCCFF}.Debug|Any CPU.ActiveCfg = Debug|Any CPU
		{4A7A4011-E56B-4F55-9911-89EEF84FCCFF}.Debug|Any CPU.Build.0 = Debug|Any CPU
		{4A7A4011-E56B-4F55-9911-89EEF84FCCFF}.Release|Any CPU.ActiveCfg = Release|Any CPU
		{4A7A4011-E56B-4F55-9911-89EEF84FCCFF}.Release|Any CPU.Build.0 = Release|Any CPU
	EndGlobalSection
	GlobalSection(SolutionProperties) = preSolution
		HideSolutionNode = FALSE
	EndGlobalSection
	GlobalSection(ExtensibilityGlobals) = postSolution
		SolutionGuid = {82873E7E-0713-4E0B-AEFA-0664A86DC762}
	EndGlobalSection
EndGlobal
